
Microsoft Visual Studio Solution File, Format Version 12.00
# Visual Studio Version 16
VisualStudioVersion = 16.0.29613.14
MinimumVisualStudioVersion = 10.0.40219.1
Project("{FAE04EC0-301F-11D3-BF4B-00C04F79EFBC}") = "CommNetAntennasInfo", "CommNetAntennasInfo\CommNetAntennasInfo.csproj", "{2DD8A562-8999-4719-8848-4436AD85FECA}"
EndProject
Project("{2150E333-8FDC-42A3-9474-1A3956D46DE8}") = "Solution Items", "Solution Items", "{8709ADC0-0C86-4A6B-A5A2-2BF7C3BEE6FB}"
	ProjectSection(SolutionItems) = preProject
		buildDeploy.bat = buildDeploy.bat
		buildRelease.bat = buildRelease.bat
		ChangeLog.md = ChangeLog.md
		CommNetAntennasInfo.version = CommNetAntennasInfo.version
		GameData\CommNetAntennasInfo\Configs\ModuleAntennaInfo.cfg = GameData\CommNetAntennasInfo\Configs\ModuleAntennaInfo.cfg
		GameData\Extras-Consumptor\CommNetAntennasInfo\Configs\ModuleAntennaToggler.cfg = GameData\Extras-Consumptor\CommNetAntennasInfo\Configs\ModuleAntennaToggler.cfg
		GameData\Extras-Consumptor\CommNetAntennasInfo\Configs\ModuleGeneratorAntenna.cfg = GameData\Extras-Consumptor\CommNetAntennasInfo\Configs\ModuleGeneratorAntenna.cfg
		README.md = README.md
	EndProjectSection
EndProject
Project("{2150E333-8FDC-42A3-9474-1A3956D46DE8}") = "Localization", "Localization", "{2CACE644-FDB7-4779-A7CB-EACABF02CEC0}"
	ProjectSection(SolutionItems) = preProject
		GameData\CommNetAntennasInfo\localization\en-us.cfg = GameData\CommNetAntennasInfo\localization\en-us.cfg
		GameData\CommNetAntennasInfo\localization\ja.cfg = GameData\CommNetAntennasInfo\localization\ja.cfg
		GameData\CommNetAntennasInfo\localization\ru.cfg = GameData\CommNetAntennasInfo\localization\ru.cfg
		GameData\CommNetAntennasInfo\localization\zh-cn.cfg = GameData\CommNetAntennasInfo\localization\zh-cn.cfg
	EndProjectSection
EndProject
Global
	GlobalSection(SolutionConfigurationPlatforms) = preSolution
		Debug|Any CPU = Debug|Any CPU
		Release|Any CPU = Release|Any CPU
	EndGlobalSection
	GlobalSection(ProjectConfigurationPlatforms) = postSolution
		{2DD8A562-8999-4719-8848-4436AD85FECA}.Debug|Any CPU.ActiveCfg = Debug|Any CPU
		{2DD8A562-8999-4719-8848-4436AD85FECA}.Debug|Any CPU.Build.0 = Debug|Any CPU
		{2DD8A562-8999-4719-8848-4436AD85FECA}.Release|Any CPU.ActiveCfg = Release|Any CPU
		{2DD8A562-8999-4719-8848-4436AD85FECA}.Release|Any CPU.Build.0 = Release|Any CPU
	EndGlobalSection
	GlobalSection(SolutionProperties) = preSolution
		HideSolutionNode = FALSE
	EndGlobalSection
	GlobalSection(ExtensibilityGlobals) = postSolution
		SolutionGuid = {AA1B363A-7250-4D9D-9063-0BA58D9B3BAF}
	EndGlobalSection
EndGlobal
